
Microsoft Visual Studio Solution File, Format Version 12.00
# Visual Studio Version 16
VisualStudioVersion = 16.0.31702.278
MinimumVisualStudioVersion = 10.0.40219.1
Project("{FAE04EC0-301F-11D3-BF4B-00C04F79EFBC}") = "MagicSquare", "MagicSquare.csproj", "{32DC58FC-9F5A-4F8A-95FC-EB12511AF281}"
EndProject
Global
	GlobalSection(SolutionConfigurationPlatforms) = preSolution
		Debug|Any CPU = Debug|Any CPU
		Release|Any CPU = Release|Any CPU
	EndGlobalSection
	GlobalSection(ProjectConfigurationPlatforms) = postSolution
		{32DC58FC-9F5A-4F8A-95FC-EB12511AF281}.Debug|Any CPU.ActiveCfg = Debug|Any CPU
		{32DC58FC-9F5A-4F8A-95FC-EB12511AF281}.Debug|Any CPU.Build.0 = Debug|Any CPU
		{32DC58FC-9F5A-4F8A-95FC-EB12511AF281}.Release|Any CPU.ActiveCfg = Release|Any CPU
		{32DC58FC-9F5A-4F8A-95FC-EB12511AF281}.Release|Any CPU.Build.0 = Release|Any CPU
	EndGlobalSection
	GlobalSection(SolutionProperties) = preSolution
		HideSolutionNode = FALSE
	EndGlobalSection
	GlobalSection(ExtensibilityGlobals) = postSolution
		SolutionGuid = {D748FB93-D5B3-4CF3-9A17-1342DBCE7404}
	EndGlobalSection
EndGlobal
